
Microsoft Visual Studio Solution File, Format Version 12.00
# Visual Studio 14
VisualStudioVersion = 14.0.25420.1
MinimumVisualStudioVersion = 10.0.40219.1
Project("{8BB2217D-0F2D-49D1-97BC-3654ED321F3B}") = "Yontech.Fat", "Yontech.Fat\Yontech.Fat.xproj", "{2DE53F1B-2FFA-4D53-A949-F50BC650794D}"
EndProject
Project("{8BB2217D-0F2D-49D1-97BC-3654ED321F3B}") = "Yontech.Fat.Selenium", "Yontech.Fat.Selenium\Yontech.Fat.Selenium.xproj", "{DDDD6956-8ACB-42A3-96D8-AA9603F3367D}"
EndProject
Project("{8BB2217D-0F2D-49D1-97BC-3654ED321F3B}") = "Yontech.Fat.Plugins.Bootstrap", "Yontech.Fat.Plugins.Bootstrap\Yontech.Fat.Plugins.Bootstrap.xproj", "{78C1D5B4-D2ED-489C-9004-8349293D913F}"
EndProject
Project("{8BB2217D-0F2D-49D1-97BC-3654ED321F3B}") = "Yontech.Fat.JavaScriptUtilities", "Yontech.Fat.JavaScriptUtilities\Yontech.Fat.JavaScriptUtilities.xproj", "{79581D77-6DB3-4C93-B14F-8EAEE8CAAC15}"
EndProject
Global
	GlobalSection(SolutionConfigurationPlatforms) = preSolution
		Debug|Any CPU = Debug|Any CPU
		Release|Any CPU = Release|Any CPU
	EndGlobalSection
	GlobalSection(ProjectConfigurationPlatforms) = postSolution
		{2DE53F1B-2FFA-4D53-A949-F50BC650794D}.Debug|Any CPU.ActiveCfg = Debug|Any CPU
		{2DE53F1B-2FFA-4D53-A949-F50BC650794D}.Debug|Any CPU.Build.0 = Debug|Any CPU
		{2DE53F1B-2FFA-4D53-A949-F50BC650794D}.Release|Any CPU.ActiveCfg = Release|Any CPU
		{2DE53F1B-2FFA-4D53-A949-F50BC650794D}.Release|Any CPU.Build.0 = Release|Any CPU
		{DDDD6956-8ACB-42A3-96D8-AA9603F3367D}.Debug|Any CPU.ActiveCfg = Debug|Any CPU
		{DDDD6956-8ACB-42A3-96D8-AA9603F3367D}.Debug|Any CPU.Build.0 = Debug|Any CPU
		{DDDD6956-8ACB-42A3-96D8-AA9603F3367D}.Release|Any CPU.ActiveCfg = Release|Any CPU
		{DDDD6956-8ACB-42A3-96D8-AA9603F3367D}.Release|Any CPU.Build.0 = Release|Any CPU
		{78C1D5B4-D2ED-489C-9004-8349293D913F}.Debug|Any CPU.ActiveCfg = Debug|Any CPU
		{78C1D5B4-D2ED-489C-9004-8349293D913F}.Debug|Any CPU.Build.0 = Debug|Any CPU
		{78C1D5B4-D2ED-489C-9004-8349293D913F}.Release|Any CPU.ActiveCfg = Release|Any CPU
		{78C1D5B4-D2ED-489C-9004-8349293D913F}.Release|Any CPU.Build.0 = Release|Any CPU
		{79581D77-6DB3-4C93-B14F-8EAEE8CAAC15}.Debug|Any CPU.ActiveCfg = Debug|Any CPU
		{79581D77-6DB3-4C93-B14F-8EAEE8CAAC15}.Debug|Any CPU.Build.0 = Debug|Any CPU
		{79581D77-6DB3-4C93-B14F-8EAEE8CAAC15}.Release|Any CPU.ActiveCfg = Release|Any CPU
		{79581D77-6DB3-4C93-B14F-8EAEE8CAAC15}.Release|Any CPU.Build.0 = Release|Any CPU
	EndGlobalSection
	GlobalSection(SolutionProperties) = preSolution
		HideSolutionNode = FALSE
	EndGlobalSection
EndGlobal
