
Microsoft Visual Studio Solution File, Format Version 12.00
# Visual Studio 15
VisualStudioVersion = 15.0.27004.2005
MinimumVisualStudioVersion = 10.0.40219.1
Project("{9A19103F-16F7-4668-BE54-9A1E7A4F7556}") = "Yontech.Fat.TestingWebApplication", "Yontech.Fat.TestingWebApplication\Yontech.Fat.TestingWebApplication.csproj", "{4E15F8EE-DADD-4262-BC34-188FA14B133E}"
EndProject
Project("{9A19103F-16F7-4668-BE54-9A1E7A4F7556}") = "Yontech.Fat.TestingWebApplication.Tests", "Yontech.Fat.TestingWebApplication.Tests\Yontech.Fat.TestingWebApplication.Tests.csproj", "{249C5455-FEBE-459D-94D2-1F05F18A4052}"
EndProject
Project("{2150E333-8FDC-42A3-9474-1A3956D46DE8}") = "Framework", "Framework", "{78B4D67A-1432-4D5E-8697-E5EB72B04081}"
	ProjectSection(SolutionItems) = preProject
		..\readme.md = ..\readme.md
	EndProjectSection
EndProject
Project("{9A19103F-16F7-4668-BE54-9A1E7A4F7556}") = "Yontech.Fat", "..\Yontech.Fat\Yontech.Fat.csproj", "{7FDE5DE2-386E-46EA-BF99-EB9B898D57B1}"
EndProject
Project("{9A19103F-16F7-4668-BE54-9A1E7A4F7556}") = "Yontech.Fat.JavaScriptUtilities", "..\Yontech.Fat.JavaScriptUtilities\Yontech.Fat.JavaScriptUtilities.csproj", "{CABE5D17-EA44-4562-87F8-0481DF7D2C54}"
EndProject
Project("{9A19103F-16F7-4668-BE54-9A1E7A4F7556}") = "Yontech.Fat.Plugins.Bootstrap", "..\Yontech.Fat.Plugins.Bootstrap\Yontech.Fat.Plugins.Bootstrap.csproj", "{5CFF1219-5146-404F-B2CE-E65C92A11112}"
EndProject
Project("{9A19103F-16F7-4668-BE54-9A1E7A4F7556}") = "Yontech.Fat.Selenium", "..\Yontech.Fat.Selenium\Yontech.Fat.Selenium.csproj", "{C6B3502C-C192-4BBD-92BB-8EEF75884525}"
EndProject
Global
	GlobalSection(SolutionConfigurationPlatforms) = preSolution
		Debug|Any CPU = Debug|Any CPU
		Release|Any CPU = Release|Any CPU
	EndGlobalSection
	GlobalSection(ProjectConfigurationPlatforms) = postSolution
		{4E15F8EE-DADD-4262-BC34-188FA14B133E}.Debug|Any CPU.ActiveCfg = Debug|Any CPU
		{4E15F8EE-DADD-4262-BC34-188FA14B133E}.Debug|Any CPU.Build.0 = Debug|Any CPU
		{4E15F8EE-DADD-4262-BC34-188FA14B133E}.Release|Any CPU.ActiveCfg = Release|Any CPU
		{4E15F8EE-DADD-4262-BC34-188FA14B133E}.Release|Any CPU.Build.0 = Release|Any CPU
		{249C5455-FEBE-459D-94D2-1F05F18A4052}.Debug|Any CPU.ActiveCfg = Debug|Any CPU
		{249C5455-FEBE-459D-94D2-1F05F18A4052}.Debug|Any CPU.Build.0 = Debug|Any CPU
		{249C5455-FEBE-459D-94D2-1F05F18A4052}.Release|Any CPU.ActiveCfg = Release|Any CPU
		{249C5455-FEBE-459D-94D2-1F05F18A4052}.Release|Any CPU.Build.0 = Release|Any CPU
		{7FDE5DE2-386E-46EA-BF99-EB9B898D57B1}.Debug|Any CPU.ActiveCfg = Debug|Any CPU
		{7FDE5DE2-386E-46EA-BF99-EB9B898D57B1}.Debug|Any CPU.Build.0 = Debug|Any CPU
		{7FDE5DE2-386E-46EA-BF99-EB9B898D57B1}.Release|Any CPU.ActiveCfg = Release|Any CPU
		{7FDE5DE2-386E-46EA-BF99-EB9B898D57B1}.Release|Any CPU.Build.0 = Release|Any CPU
		{CABE5D17-EA44-4562-87F8-0481DF7D2C54}.Debug|Any CPU.ActiveCfg = Debug|Any CPU
		{CABE5D17-EA44-4562-87F8-0481DF7D2C54}.Debug|Any CPU.Build.0 = Debug|Any CPU
		{CABE5D17-EA44-4562-87F8-0481DF7D2C54}.Release|Any CPU.ActiveCfg = Release|Any CPU
		{CABE5D17-EA44-4562-87F8-0481DF7D2C54}.Release|Any CPU.Build.0 = Release|Any CPU
		{5CFF1219-5146-404F-B2CE-E65C92A11112}.Debug|Any CPU.ActiveCfg = Debug|Any CPU
		{5CFF1219-5146-404F-B2CE-E65C92A11112}.Debug|Any CPU.Build.0 = Debug|Any CPU
		{5CFF1219-5146-404F-B2CE-E65C92A11112}.Release|Any CPU.ActiveCfg = Release|Any CPU
		{5CFF1219-5146-404F-B2CE-E65C92A11112}.Release|Any CPU.Build.0 = Release|Any CPU
		{C6B3502C-C192-4BBD-92BB-8EEF75884525}.Debug|Any CPU.ActiveCfg = Debug|Any CPU
		{C6B3502C-C192-4BBD-92BB-8EEF75884525}.Debug|Any CPU.Build.0 = Debug|Any CPU
		{C6B3502C-C192-4BBD-92BB-8EEF75884525}.Release|Any CPU.ActiveCfg = Release|Any CPU
		{C6B3502C-C192-4BBD-92BB-8EEF75884525}.Release|Any CPU.Build.0 = Release|Any CPU
	EndGlobalSection
	GlobalSection(SolutionProperties) = preSolution
		HideSolutionNode = FALSE
	EndGlobalSection
	GlobalSection(NestedProjects) = preSolution
		{7FDE5DE2-386E-46EA-BF99-EB9B898D57B1} = {78B4D67A-1432-4D5E-8697-E5EB72B04081}
		{CABE5D17-EA44-4562-87F8-0481DF7D2C54} = {78B4D67A-1432-4D5E-8697-E5EB72B04081}
		{5CFF1219-5146-404F-B2CE-E65C92A11112} = {78B4D67A-1432-4D5E-8697-E5EB72B04081}
		{C6B3502C-C192-4BBD-92BB-8EEF75884525} = {78B4D67A-1432-4D5E-8697-E5EB72B04081}
	EndGlobalSection
	GlobalSection(ExtensibilityGlobals) = postSolution
		SolutionGuid = {5E42C693-65CE-40B0-8647-3155615D2778}
	EndGlobalSection
EndGlobal
